<?xml version="1.0" encoding="utf-8"?>
<Project ToolsVersion="4.0" xmlns="http://schemas.microsoft.com/developer/msbuild/2003">
  <ItemGroup>
    <Filter Include="Source Files">
      <UniqueIdentifier>{4FC737F1-C7A5-4376-A066-2A32D752A2FF}</UniqueIdentifier>
      <Extensions>cpp;c;cc;cxx;c++;cppm;ixx;def;odl;idl;hpj;bat;asm;asmx</Extensions>
    </Filter>
    <Filter Include="Header Files">
      <UniqueIdentifier>{93995380-89BD-4b04-88EB-625FBE52EBFB}</UniqueIdentifier>
      <Extensions>h;hh;hpp;hxx;h++;hm;inl;inc;ipp;xsd</Extensions>
    </Filter>
    <Filter Include="Resource Files">
      <UniqueIdentifier>{67DA6AB6-F800-4c08-8B7A-83BB121AAD01}</UniqueIdentifier>
      <Extensions>rc;ico;cur;bmp;dlg;rc2;rct;bin;rgs;gif;jpg;jpeg;jpe;resx;tiff;tif;png;wav;mfcribbon-ms</Extensions>
    </Filter>
    <Filter Include="PCH">
      <UniqueIdentifier>{d5aab7e6-9aa0-4fd2-8527-1229f894d9c1}</UniqueIdentifier>
    </Filter>
    <Filter Include="Animal">
      <UniqueIdentifier>{d4914154-c653-4998-8042-c1f5d601e3f2}</UniqueIdentifier>
    </Filter>
    <Filter Include="Organism">
      <UniqueIdentifier>{ed9fc6c7-e782-4a01-af4f-a92715e8bbcd}</UniqueIdentifier>
    </Filter>
    <Filter Include="Plant">
      <UniqueIdentifier>{374b9bd5-87bb-4d6c-ac10-d5a8e69a2f09}</UniqueIdentifier>
    </Filter>
    <Filter Include="Position">
      <UniqueIdentifier>{07bd82ff-67f3-4ebd-b558-9dc0aaf10fa4}</UniqueIdentifier>
    </Filter>
    <Filter Include="World">
      <UniqueIdentifier>{290be35f-abcc-4fba-bb39-32dc57616024}</UniqueIdentifier>
    </Filter>
    <Filter Include="OrganismFactory">
      <UniqueIdentifier>{50ce7b7d-61ff-440b-82a9-7ef939731fc0}</UniqueIdentifier>
    </Filter>
    <Filter Include="PlantFactory">
      <UniqueIdentifier>{cd0463b3-b895-4e35-bb20-3b48e68b4027}</UniqueIdentifier>
    </Filter>
    <Filter Include="AnimalFactory">
      <UniqueIdentifier>{463509fb-942f-41a0-9720-6f796d3afe54}</UniqueIdentifier>
    </Filter>
    <Filter Include="OrganismFactoryRegistry">
      <UniqueIdentifier>{9b4d8fd4-273e-4e8e-8da3-e4485c211f37}</UniqueIdentifier>
    </Filter>
    <Filter Include="Grass">
      <UniqueIdentifier>{ee3e94cf-46fd-45aa-b302-c0ef6f46b7f4}</UniqueIdentifier>
    </Filter>
    <Filter Include="Sheep">
      <UniqueIdentifier>{54353a0a-8c64-4a96-a4ba-31f00bab46ba}</UniqueIdentifier>
    </Filter>
    <Filter Include="Dandelion">
      <UniqueIdentifier>{3ea05cf8-d139-4205-96e4-5588ec47589d}</UniqueIdentifier>
    </Filter>
    <Filter Include="Wolf">
      <UniqueIdentifier>{e5de8d46-0686-44b1-ac9d-2a51a2a634e5}</UniqueIdentifier>
    </Filter>
    <Filter Include="GrassFactory">
      <UniqueIdentifier>{795d9353-0301-4e4a-b250-5c72c9b298aa}</UniqueIdentifier>
    </Filter>
    <Filter Include="SheepFactory">
      <UniqueIdentifier>{3f61fc7b-5988-4086-9874-fc61cc4bf7b4}</UniqueIdentifier>
    </Filter>
    <Filter Include="DandelionFactory">
      <UniqueIdentifier>{863722bf-be4f-43d0-b100-31612ac81809}</UniqueIdentifier>
    </Filter>
    <Filter Include="WolfFactory">
      <UniqueIdentifier>{325baef2-51ac-4200-821c-4e8bcc33e680}</UniqueIdentifier>
    </Filter>
    <Filter Include="Toadstool">
      <UniqueIdentifier>{e47eefc1-e274-464b-9739-8b3c84494061}</UniqueIdentifier>
    </Filter>
    <Filter Include="ToadstoolFactory">
      <UniqueIdentifier>{1808a380-6357-4480-b9db-96b5d72857ef}</UniqueIdentifier>
    </Filter>
    <Filter Include="ImGUI">
      <UniqueIdentifier>{7a240335-0478-4559-ade9-5f68d979b7f0}</UniqueIdentifier>
    </Filter>
    <Filter Include="ImGUI\imgui_dependencies">
      <UniqueIdentifier>{f8b0dd9e-6c02-4239-85b5-0cd30cebed1f}</UniqueIdentifier>
    </Filter>
    <Filter Include="ImGUI\icons">
      <UniqueIdentifier>{7698af7f-833f-4f8b-bd17-d8ee4347df03}</UniqueIdentifier>
    </Filter>
    <Filter Include="__main__">
      <UniqueIdentifier>{0415856e-8f89-4f7d-b646-bf387b4585ad}</UniqueIdentifier>
    </Filter>
    <Filter Include="FileHelpers">
      <UniqueIdentifier>{2c9f4e4a-a90e-42e0-b125-ecc0e42850b1}</UniqueIdentifier>
    </Filter>
  </ItemGroup>
  <ItemGroup>
    <ClInclude Include="pch.h">
      <Filter>PCH</Filter>
    </ClInclude>
    <ClInclude Include="OrganismFactory.h">
      <Filter>OrganismFactory</Filter>
    </ClInclude>
    <ClInclude Include="Animal.h">
      <Filter>Animal</Filter>
    </ClInclude>
    <ClInclude Include="World.h">
      <Filter>World</Filter>
    </ClInclude>
    <ClInclude Include="PlantFactory.h">
      <Filter>PlantFactory</Filter>
    </ClInclude>
    <ClInclude Include="Organism.h">
      <Filter>Organism</Filter>
    </ClInclude>
    <ClInclude Include="Plant.h">
      <Filter>Plant</Filter>
    </ClInclude>
    <ClInclude Include="Position.h">
      <Filter>Position</Filter>
    </ClInclude>
    <ClInclude Include="AnimalFactory.h">
      <Filter>AnimalFactory</Filter>
    </ClInclude>
    <ClInclude Include="OrganismFactoryRegistry.h">
      <Filter>OrganismFactoryRegistry</Filter>
    </ClInclude>
    <ClInclude Include="Grass.h">
      <Filter>Grass</Filter>
    </ClInclude>
    <ClInclude Include="Sheep.h">
      <Filter>Sheep</Filter>
    </ClInclude>
    <ClInclude Include="Dandelion.h">
      <Filter>Dandelion</Filter>
    </ClInclude>
    <ClInclude Include="GrassFactory.h">
      <Filter>GrassFactory</Filter>
    </ClInclude>
    <ClInclude Include="SheepFactory.h">
      <Filter>SheepFactory</Filter>
    </ClInclude>
    <ClInclude Include="DandelionFactory.h">
      <Filter>DandelionFactory</Filter>
    </ClInclude>
    <ClInclude Include="WolfFactory.h">
      <Filter>WolfFactory</Filter>
    </ClInclude>
    <ClInclude Include="Wolf.h">
      <Filter>Wolf</Filter>
    </ClInclude>
    <ClInclude Include="Toadstool.h">
      <Filter>Toadstool</Filter>
    </ClInclude>
    <ClInclude Include="ToadstoolFactory.h">
      <Filter>ToadstoolFactory</Filter>
    </ClInclude>
    <ClInclude Include="ImGUIManager.h">
      <Filter>ImGUI</Filter>
    </ClInclude>
    <ClInclude Include="imgui\imconfig.h">
      <Filter>ImGUI\imgui_dependencies</Filter>
    </ClInclude>
    <ClInclude Include="imgui\imgui.h">
      <Filter>ImGUI\imgui_dependencies</Filter>
    </ClInclude>
    <ClInclude Include="imgui\imgui_impl_dx9.h">
      <Filter>ImGUI\imgui_dependencies</Filter>
    </ClInclude>
    <ClInclude Include="imgui\imgui_impl_win32.h">
      <Filter>ImGUI\imgui_dependencies</Filter>
    </ClInclude>
    <ClInclude Include="imgui\imgui_internal.h">
      <Filter>ImGUI\imgui_dependencies</Filter>
    </ClInclude>
    <ClInclude Include="imgui\imstb_rectpack.h">
      <Filter>ImGUI\imgui_dependencies</Filter>
    </ClInclude>
    <ClInclude Include="imgui\imstb_textedit.h">
      <Filter>ImGUI\imgui_dependencies</Filter>
    </ClInclude>
    <ClInclude Include="imgui\imstb_truetype.h">
      <Filter>ImGUI\imgui_dependencies</Filter>
    </ClInclude>
    <ClInclude Include="imgui\custom.h">
      <Filter>ImGUI\icons</Filter>
    </ClInclude>
    <ClInclude Include="imgui\icons.h">
      <Filter>ImGUI\icons</Filter>
    </ClInclude>
    <ClInclude Include="FileHelpers.h">
      <Filter>FileHelpers</Filter>
    </ClInclude>
  </ItemGroup>
  <ItemGroup>
    <ClCompile Include="pch.cpp">
      <Filter>PCH</Filter>
    </ClCompile>
    <ClCompile Include="OrganismFactory.cpp">
      <Filter>OrganismFactory</Filter>
    </ClCompile>
    <ClCompile Include="Animal.cpp">
      <Filter>Animal</Filter>
    </ClCompile>
    <ClCompile Include="LivingWorld.cpp">
      <Filter>__main__</Filter>
    </ClCompile>
    <ClCompile Include="World.cpp">
      <Filter>World</Filter>
    </ClCompile>
    <ClCompile Include="PlantFactory.cpp">
      <Filter>PlantFactory</Filter>
    </ClCompile>
    <ClCompile Include="Organism.cpp">
      <Filter>Organism</Filter>
    </ClCompile>
    <ClCompile Include="Plant.cpp">
      <Filter>Plant</Filter>
    </ClCompile>
    <ClCompile Include="Position.cpp">
      <Filter>Position</Filter>
    </ClCompile>
    <ClCompile Include="AnimalFactory.cpp">
      <Filter>AnimalFactory</Filter>
    </ClCompile>
    <ClCompile Include="OrganismFactoryRegistry.cpp">
      <Filter>OrganismFactoryRegistry</Filter>
    </ClCompile>
    <ClCompile Include="Grass.cpp">
      <Filter>Grass</Filter>
    </ClCompile>
    <ClCompile Include="Sheep.cpp">
      <Filter>Sheep</Filter>
    </ClCompile>
    <ClCompile Include="Dandelion.cpp">
      <Filter>Dandelion</Filter>
    </ClCompile>
    <ClCompile Include="GrassFactory.cpp">
      <Filter>GrassFactory</Filter>
    </ClCompile>
    <ClCompile Include="SheepFactory.cpp">
      <Filter>SheepFactory</Filter>
    </ClCompile>
    <ClCompile Include="DandelionFactory.cpp">
      <Filter>DandelionFactory</Filter>
    </ClCompile>
    <ClCompile Include="WolfFactory.cpp">
      <Filter>WolfFactory</Filter>
    </ClCompile>
    <ClCompile Include="Wolf.cpp">
      <Filter>Wolf</Filter>
    </ClCompile>
    <ClCompile Include="Toadstool.cpp">
      <Filter>Toadstool</Filter>
    </ClCompile>
    <ClCompile Include="ToadstoolFactory.cpp">
      <Filter>ToadstoolFactory</Filter>
    </ClCompile>
    <ClCompile Include="ImGUIManager.cpp">
      <Filter>ImGUI</Filter>
    </ClCompile>
    <ClCompile Include="imgui\imgui.cpp">
      <Filter>ImGUI\imgui_dependencies</Filter>
    </ClCompile>
    <ClCompile Include="imgui\imgui_demo.cpp">
      <Filter>ImGUI\imgui_dependencies</Filter>
    </ClCompile>
    <ClCompile Include="imgui\imgui_draw.cpp">
      <Filter>ImGUI\imgui_dependencies</Filter>
    </ClCompile>
    <ClCompile Include="imgui\imgui_impl_dx9.cpp">
      <Filter>ImGUI\imgui_dependencies</Filter>
    </ClCompile>
    <ClCompile Include="imgui\imgui_impl_win32.cpp">
      <Filter>ImGUI\imgui_dependencies</Filter>
    </ClCompile>
    <ClCompile Include="imgui\imgui_tables.cpp">
      <Filter>ImGUI\imgui_dependencies</Filter>
    </ClCompile>
    <ClCompile Include="imgui\imgui_widgets.cpp">
      <Filter>ImGUI\imgui_dependencies</Filter>
    </ClCompile>
    <ClCompile Include="FileHelpers.cpp">
      <Filter>FileHelpers</Filter>
    </ClCompile>
  </ItemGroup>
</Project>